// !$*UTF8*$!
{
	archiveVersion = 1;
	classes = {
	};
	objectVersion = 50;
	objects = {

/* Begin PBXBuildFile section */
		683B1861219945E000E22849 /* FaceToEmoji.cpp in Sources */ = {isa = PBXBuildFile; fileRef = 683B1860219945E000E22849 /* FaceToEmoji.cpp */; };
		683B188F2199693300E22849 /* libopencv_dpm.3.4.3.dylib in Frameworks */ = {isa = PBXBuildFile; fileRef = 683B18822199693300E22849 /* libopencv_dpm.3.4.3.dylib */; };
		683B18902199693300E22849 /* libopencv_flann.3.4.3.dylib in Frameworks */ = {isa = PBXBuildFile; fileRef = 683B18832199693300E22849 /* libopencv_flann.3.4.3.dylib */; };
		683B18912199693300E22849 /* libopencv_calib3d.3.4.3.dylib in Frameworks */ = {isa = PBXBuildFile; fileRef = 683B18842199693300E22849 /* libopencv_calib3d.3.4.3.dylib */; };
		683B18922199693300E22849 /* libopencv_features2d.3.4.3.dylib in Frameworks */ = {isa = PBXBuildFile; fileRef = 683B18852199693300E22849 /* libopencv_features2d.3.4.3.dylib */; };
		683B18932199693300E22849 /* libopencv_bgsegm.3.4.3.dylib in Frameworks */ = {isa = PBXBuildFile; fileRef = 683B18862199693300E22849 /* libopencv_bgsegm.3.4.3.dylib */; };
		683B18942199693300E22849 /* libopencv_dnn.3.4.3.dylib in Frameworks */ = {isa = PBXBuildFile; fileRef = 683B18872199693300E22849 /* libopencv_dnn.3.4.3.dylib */; };
		683B18952199693300E22849 /* libopencv_aruco.3.4.3.dylib in Frameworks */ = {isa = PBXBuildFile; fileRef = 683B18882199693300E22849 /* libopencv_aruco.3.4.3.dylib */; };
		683B18962199693300E22849 /* libopencv_dnn_objdetect.3.4.3.dylib in Frameworks */ = {isa = PBXBuildFile; fileRef = 683B18892199693300E22849 /* libopencv_dnn_objdetect.3.4.3.dylib */; };
		683B18972199693300E22849 /* libopencv_ccalib.3.4.3.dylib in Frameworks */ = {isa = PBXBuildFile; fileRef = 683B188A2199693300E22849 /* libopencv_ccalib.3.4.3.dylib */; };
		683B18982199693300E22849 /* libopencv_face.3.4.3.dylib in Frameworks */ = {isa = PBXBuildFile; fileRef = 683B188B2199693300E22849 /* libopencv_face.3.4.3.dylib */; };
		683B18992199693300E22849 /* libopencv_datasets.3.4.3.dylib in Frameworks */ = {isa = PBXBuildFile; fileRef = 683B188C2199693300E22849 /* libopencv_datasets.3.4.3.dylib */; };
		683B189A2199693300E22849 /* libopencv_bioinspired.3.4.3.dylib in Frameworks */ = {isa = PBXBuildFile; fileRef = 683B188D2199693300E22849 /* libopencv_bioinspired.3.4.3.dylib */; };
		683B189B2199693300E22849 /* libopencv_core.3.4.3.dylib in Frameworks */ = {isa = PBXBuildFile; fileRef = 683B188E2199693300E22849 /* libopencv_core.3.4.3.dylib */; };
		683B18C721996CBC00E22849 /* libopencv_img_hash.3.4.3.dylib in Frameworks */ = {isa = PBXBuildFile; fileRef = 683B189C21996CBA00E22849 /* libopencv_img_hash.3.4.3.dylib */; };
		683B18C821996CBC00E22849 /* libopencv_imgcodecs.3.4.3.dylib in Frameworks */ = {isa = PBXBuildFile; fileRef = 683B189D21996CBA00E22849 /* libopencv_imgcodecs.3.4.3.dylib */; };
		683B18C921996CBC00E22849 /* libopencv_imgproc.3.4.3.dylib in Frameworks */ = {isa = PBXBuildFile; fileRef = 683B189E21996CBA00E22849 /* libopencv_imgproc.3.4.3.dylib */; };
		683B18CA21996CBC00E22849 /* libopencv_surface_matching.3.4.3.dylib in Frameworks */ = {isa = PBXBuildFile; fileRef = 683B189F21996CBA00E22849 /* libopencv_surface_matching.3.4.3.dylib */; };
		683B18CB21996CBC00E22849 /* libopencv_stereo.3.4.3.dylib in Frameworks */ = {isa = PBXBuildFile; fileRef = 683B18A021996CBA00E22849 /* libopencv_stereo.3.4.3.dylib */; };
		683B18CC21996CBC00E22849 /* libopencv_phase_unwrapping.3.4.3.dylib in Frameworks */ = {isa = PBXBuildFile; fileRef = 683B18A121996CBA00E22849 /* libopencv_phase_unwrapping.3.4.3.dylib */; };
		683B18CD21996CBC00E22849 /* libopencv_datasets.3.4.3.dylib in Frameworks */ = {isa = PBXBuildFile; fileRef = 683B18A221996CBA00E22849 /* libopencv_datasets.3.4.3.dylib */; };
		683B18CE21996CBC00E22849 /* libopencv_video.3.4.3.dylib in Frameworks */ = {isa = PBXBuildFile; fileRef = 683B18A321996CBA00E22849 /* libopencv_video.3.4.3.dylib */; };
		683B18CF21996CBC00E22849 /* libopencv_videoio.3.4.3.dylib in Frameworks */ = {isa = PBXBuildFile; fileRef = 683B18A421996CBA00E22849 /* libopencv_videoio.3.4.3.dylib */; };
		683B18D021996CBC00E22849 /* libopencv_dnn_objdetect.3.4.3.dylib in Frameworks */ = {isa = PBXBuildFile; fileRef = 683B18A521996CBA00E22849 /* libopencv_dnn_objdetect.3.4.3.dylib */; };
		683B18D121996CBC00E22849 /* libopencv_hfs.3.4.3.dylib in Frameworks */ = {isa = PBXBuildFile; fileRef = 683B18A621996CBA00E22849 /* libopencv_hfs.3.4.3.dylib */; };
		683B18D221996CBC00E22849 /* libopencv_fuzzy.3.4.3.dylib in Frameworks */ = {isa = PBXBuildFile; fileRef = 683B18A721996CBB00E22849 /* libopencv_fuzzy.3.4.3.dylib */; };
		683B18D321996CBC00E22849 /* libopencv_highgui.3.4.3.dylib in Frameworks */ = {isa = PBXBuildFile; fileRef = 683B18A821996CBB00E22849 /* libopencv_highgui.3.4.3.dylib */; };
		683B18D421996CBC00E22849 /* libopencv_core.3.4.3.dylib in Frameworks */ = {isa = PBXBuildFile; fileRef = 683B18A921996CBB00E22849 /* libopencv_core.3.4.3.dylib */; };
		683B18D521996CBC00E22849 /* libopencv_optflow.3.4.3.dylib in Frameworks */ = {isa = PBXBuildFile; fileRef = 683B18AA21996CBB00E22849 /* libopencv_optflow.3.4.3.dylib */; };
		683B18D621996CBC00E22849 /* libopencv_ccalib.3.4.3.dylib in Frameworks */ = {isa = PBXBuildFile; fileRef = 683B18AB21996CBB00E22849 /* libopencv_ccalib.3.4.3.dylib */; };
		683B18D721996CBC00E22849 /* libopencv_ml.3.4.3.dylib in Frameworks */ = {isa = PBXBuildFile; fileRef = 683B18AC21996CBB00E22849 /* libopencv_ml.3.4.3.dylib */; };
		683B18D821996CBC00E22849 /* libopencv_calib3d.3.4.3.dylib in Frameworks */ = {isa = PBXBuildFile; fileRef = 683B18AD21996CBB00E22849 /* libopencv_calib3d.3.4.3.dylib */; };
		683B18D921996CBC00E22849 /* libopencv_face.3.4.3.dylib in Frameworks */ = {isa = PBXBuildFile; fileRef = 683B18AE21996CBB00E22849 /* libopencv_face.3.4.3.dylib */; };
		683B18DA21996CBC00E22849 /* libopencv_shape.3.4.3.dylib in Frameworks */ = {isa = PBXBuildFile; fileRef = 683B18AF21996CBB00E22849 /* libopencv_shape.3.4.3.dylib */; };
		683B18DB21996CBC00E22849 /* libopencv_dnn.3.4.3.dylib in Frameworks */ = {isa = PBXBuildFile; fileRef = 683B18B021996CBB00E22849 /* libopencv_dnn.3.4.3.dylib */; };
		683B18DC21996CBC00E22849 /* libopencv_bioinspired.3.4.3.dylib in Frameworks */ = {isa = PBXBuildFile; fileRef = 683B18B121996CBB00E22849 /* libopencv_bioinspired.3.4.3.dylib */; };
		683B18DD21996CBC00E22849 /* libopencv_flann.3.4.3.dylib in Frameworks */ = {isa = PBXBuildFile; fileRef = 683B18B221996CBB00E22849 /* libopencv_flann.3.4.3.dylib */; };
		683B18DE21996CBC00E22849 /* libopencv_structured_light.3.4.3.dylib in Frameworks */ = {isa = PBXBuildFile; fileRef = 683B18B321996CBB00E22849 /* libopencv_structured_light.3.4.3.dylib */; };
		683B18DF21996CBC00E22849 /* libopencv_photo.3.4.3.dylib in Frameworks */ = {isa = PBXBuildFile; fileRef = 683B18B421996CBB00E22849 /* libopencv_photo.3.4.3.dylib */; };
		683B18E021996CBC00E22849 /* libopencv_objdetect.3.4.3.dylib in Frameworks */ = {isa = PBXBuildFile; fileRef = 683B18B521996CBB00E22849 /* libopencv_objdetect.3.4.3.dylib */; };
		683B18E121996CBC00E22849 /* libopencv_aruco.3.4.3.dylib in Frameworks */ = {isa = PBXBuildFile; fileRef = 683B18B621996CBB00E22849 /* libopencv_aruco.3.4.3.dylib */; };
		683B18E221996CBC00E22849 /* libopencv_stitching.3.4.3.dylib in Frameworks */ = {isa = PBXBuildFile; fileRef = 683B18B721996CBB00E22849 /* libopencv_stitching.3.4.3.dylib */; };
		683B18E321996CBC00E22849 /* libopencv_plot.3.4.3.dylib in Frameworks */ = {isa = PBXBuildFile; fileRef = 683B18B821996CBB00E22849 /* libopencv_plot.3.4.3.dylib */; };
		683B18E421996CBC00E22849 /* libopencv_videostab.3.4.3.dylib in Frameworks */ = {isa = PBXBuildFile; fileRef = 683B18B921996CBC00E22849 /* libopencv_videostab.3.4.3.dylib */; };
		683B18E521996CBC00E22849 /* libopencv_rgbd.3.4.3.dylib in Frameworks */ = {isa = PBXBuildFile; fileRef = 683B18BA21996CBC00E22849 /* libopencv_rgbd.3.4.3.dylib */; };
		683B18E621996CBC00E22849 /* libopencv_bgsegm.3.4.3.dylib in Frameworks */ = {isa = PBXBuildFile; fileRef = 683B18BB21996CBC00E22849 /* libopencv_bgsegm.3.4.3.dylib */; };
		683B18E721996CBC00E22849 /* libopencv_reg.3.4.3.dylib in Frameworks */ = {isa = PBXBuildFile; fileRef = 683B18BC21996CBC00E22849 /* libopencv_reg.3.4.3.dylib */; };
		683B18E821996CBD00E22849 /* libopencv_features2d.3.4.3.dylib in Frameworks */ = {isa = PBXBuildFile; fileRef = 683B18BD21996CBC00E22849 /* libopencv_features2d.3.4.3.dylib */; };
		683B18E921996CBD00E22849 /* libopencv_dpm.3.4.3.dylib in Frameworks */ = {isa = PBXBuildFile; fileRef = 683B18BE21996CBC00E22849 /* libopencv_dpm.3.4.3.dylib */; };
		683B18EA21996CBD00E22849 /* libopencv_tracking.3.4.3.dylib in Frameworks */ = {isa = PBXBuildFile; fileRef = 683B18BF21996CBC00E22849 /* libopencv_tracking.3.4.3.dylib */; };
		683B18EB21996CBD00E22849 /* libopencv_superres.3.4.3.dylib in Frameworks */ = {isa = PBXBuildFile; fileRef = 683B18C021996CBC00E22849 /* libopencv_superres.3.4.3.dylib */; };
		683B18EC21996CBD00E22849 /* libopencv_xfeatures2d.3.4.3.dylib in Frameworks */ = {isa = PBXBuildFile; fileRef = 683B18C121996CBC00E22849 /* libopencv_xfeatures2d.3.4.3.dylib */; };
		683B18ED21996CBD00E22849 /* libopencv_xobjdetect.3.4.3.dylib in Frameworks */ = {isa = PBXBuildFile; fileRef = 683B18C221996CBC00E22849 /* libopencv_xobjdetect.3.4.3.dylib */; };
		683B18EE21996CBD00E22849 /* libopencv_xphoto.3.4.3.dylib in Frameworks */ = {isa = PBXBuildFile; fileRef = 683B18C321996CBC00E22849 /* libopencv_xphoto.3.4.3.dylib */; };
		683B18EF21996CBD00E22849 /* libopencv_line_descriptor.3.4.3.dylib in Frameworks */ = {isa = PBXBuildFile; fileRef = 683B18C421996CBC00E22849 /* libopencv_line_descriptor.3.4.3.dylib */; };
		683B18F021996CBD00E22849 /* libopencv_saliency.3.4.3.dylib in Frameworks */ = {isa = PBXBuildFile; fileRef = 683B18C521996CBC00E22849 /* libopencv_saliency.3.4.3.dylib */; };
		683B18F121996CBD00E22849 /* libopencv_ximgproc.3.4.3.dylib in Frameworks */ = {isa = PBXBuildFile; fileRef = 683B18C621996CBC00E22849 /* libopencv_ximgproc.3.4.3.dylib */; };
/* End PBXBuildFile section */

/* Begin PBXCopyFilesBuildPhase section */
		683B185B219945E000E22849 /* CopyFiles */ = {
			isa = PBXCopyFilesBuildPhase;
			buildActionMask = 2147483647;
			dstPath = /usr/share/man/man1/;
			dstSubfolderSpec = 0;
			files = (
			);
			runOnlyForDeploymentPostprocessing = 1;
		};
/* End PBXCopyFilesBuildPhase section */

/* Begin PBXFileReference section */
		683B185D219945E000E22849 /* FaceToEmoji */ = {isa = PBXFileReference; explicitFileType = "compiled.mach-o.executable"; includeInIndex = 0; path = FaceToEmoji; sourceTree = BUILT_PRODUCTS_DIR; };
		683B1860219945E000E22849 /* FaceToEmoji.cpp */ = {isa = PBXFileReference; lastKnownFileType = sourcecode.cpp.cpp; path = FaceToEmoji.cpp; sourceTree = "<group>"; };
		683B18822199693300E22849 /* libopencv_dpm.3.4.3.dylib */ = {isa = PBXFileReference; lastKnownFileType = "compiled.mach-o.dylib"; path = libopencv_dpm.3.4.3.dylib; sourceTree = "<group>"; };
		683B18832199693300E22849 /* libopencv_flann.3.4.3.dylib */ = {isa = PBXFileReference; lastKnownFileType = "compiled.mach-o.dylib"; path = libopencv_flann.3.4.3.dylib; sourceTree = "<group>"; };
		683B18842199693300E22849 /* libopencv_calib3d.3.4.3.dylib */ = {isa = PBXFileReference; lastKnownFileType = "compiled.mach-o.dylib"; path = libopencv_calib3d.3.4.3.dylib; sourceTree = "<group>"; };
		683B18852199693300E22849 /* libopencv_features2d.3.4.3.dylib */ = {isa = PBXFileReference; lastKnownFileType = "compiled.mach-o.dylib"; path = libopencv_features2d.3.4.3.dylib; sourceTree = "<group>"; };
		683B18862199693300E22849 /* libopencv_bgsegm.3.4.3.dylib */ = {isa = PBXFileReference; lastKnownFileType = "compiled.mach-o.dylib"; path = libopencv_bgsegm.3.4.3.dylib; sourceTree = "<group>"; };
		683B18872199693300E22849 /* libopencv_dnn.3.4.3.dylib */ = {isa = PBXFileReference; lastKnownFileType = "compiled.mach-o.dylib"; path = libopencv_dnn.3.4.3.dylib; sourceTree = "<group>"; };
		683B18882199693300E22849 /* libopencv_aruco.3.4.3.dylib */ = {isa = PBXFileReference; lastKnownFileType = "compiled.mach-o.dylib"; path = libopencv_aruco.3.4.3.dylib; sourceTree = "<group>"; };
		683B18892199693300E22849 /* libopencv_dnn_objdetect.3.4.3.dylib */ = {isa = PBXFileReference; lastKnownFileType = "compiled.mach-o.dylib"; path = libopencv_dnn_objdetect.3.4.3.dylib; sourceTree = "<group>"; };
		683B188A2199693300E22849 /* libopencv_ccalib.3.4.3.dylib */ = {isa = PBXFileReference; lastKnownFileType = "compiled.mach-o.dylib"; path = libopencv_ccalib.3.4.3.dylib; sourceTree = "<group>"; };
		683B188B2199693300E22849 /* libopencv_face.3.4.3.dylib */ = {isa = PBXFileReference; lastKnownFileType = "compiled.mach-o.dylib"; path = libopencv_face.3.4.3.dylib; sourceTree = "<group>"; };
		683B188C2199693300E22849 /* libopencv_datasets.3.4.3.dylib */ = {isa = PBXFileReference; lastKnownFileType = "compiled.mach-o.dylib"; path = libopencv_datasets.3.4.3.dylib; sourceTree = "<group>"; };
		683B188D2199693300E22849 /* libopencv_bioinspired.3.4.3.dylib */ = {isa = PBXFileReference; lastKnownFileType = "compiled.mach-o.dylib"; path = libopencv_bioinspired.3.4.3.dylib; sourceTree = "<group>"; };
		683B188E2199693300E22849 /* libopencv_core.3.4.3.dylib */ = {isa = PBXFileReference; lastKnownFileType = "compiled.mach-o.dylib"; path = libopencv_core.3.4.3.dylib; sourceTree = "<group>"; };
		683B189C21996CBA00E22849 /* libopencv_img_hash.3.4.3.dylib */ = {isa = PBXFileReference; lastKnownFileType = "compiled.mach-o.dylib"; name = libopencv_img_hash.3.4.3.dylib; path = ../../../../../../usr/local/Cellar/opencv/3.4.3/lib/libopencv_img_hash.3.4.3.dylib; sourceTree = "<group>"; };
		683B189D21996CBA00E22849 /* libopencv_imgcodecs.3.4.3.dylib */ = {isa = PBXFileReference; lastKnownFileType = "compiled.mach-o.dylib"; name = libopencv_imgcodecs.3.4.3.dylib; path = ../../../../../../usr/local/Cellar/opencv/3.4.3/lib/libopencv_imgcodecs.3.4.3.dylib; sourceTree = "<group>"; };
		683B189E21996CBA00E22849 /* libopencv_imgproc.3.4.3.dylib */ = {isa = PBXFileReference; lastKnownFileType = "compiled.mach-o.dylib"; name = libopencv_imgproc.3.4.3.dylib; path = ../../../../../../usr/local/Cellar/opencv/3.4.3/lib/libopencv_imgproc.3.4.3.dylib; sourceTree = "<group>"; };
		683B189F21996CBA00E22849 /* libopencv_surface_matching.3.4.3.dylib */ = {isa = PBXFileReference; lastKnownFileType = "compiled.mach-o.dylib"; name = libopencv_surface_matching.3.4.3.dylib; path = ../../../../../../usr/local/Cellar/opencv/3.4.3/lib/libopencv_surface_matching.3.4.3.dylib; sourceTree = "<group>"; };
		683B18A021996CBA00E22849 /* libopencv_stereo.3.4.3.dylib */ = {isa = PBXFileReference; lastKnownFileType = "compiled.mach-o.dylib"; name = libopencv_stereo.3.4.3.dylib; path = ../../../../../../usr/local/Cellar/opencv/3.4.3/lib/libopencv_stereo.3.4.3.dylib; sourceTree = "<group>"; };
		683B18A121996CBA00E22849 /* libopencv_phase_unwrapping.3.4.3.dylib */ = {isa = PBXFileReference; lastKnownFileType = "compiled.mach-o.dylib"; name = libopencv_phase_unwrapping.3.4.3.dylib; path = ../../../../../../usr/local/Cellar/opencv/3.4.3/lib/libopencv_phase_unwrapping.3.4.3.dylib; sourceTree = "<group>"; };
		683B18A221996CBA00E22849 /* libopencv_datasets.3.4.3.dylib */ = {isa = PBXFileReference; lastKnownFileType = "compiled.mach-o.dylib"; name = libopencv_datasets.3.4.3.dylib; path = ../../../../../../usr/local/lib/libopencv_datasets.3.4.3.dylib; sourceTree = "<group>"; };
		683B18A321996CBA00E22849 /* libopencv_video.3.4.3.dylib */ = {isa = PBXFileReference; lastKnownFileType = "compiled.mach-o.dylib"; name = libopencv_video.3.4.3.dylib; path = ../../../../../../usr/local/Cellar/opencv/3.4.3/lib/libopencv_video.3.4.3.dylib; sourceTree = "<group>"; };
		683B18A421996CBA00E22849 /* libopencv_videoio.3.4.3.dylib */ = {isa = PBXFileReference; lastKnownFileType = "compiled.mach-o.dylib"; name = libopencv_videoio.3.4.3.dylib; path = ../../../../../../usr/local/Cellar/opencv/3.4.3/lib/libopencv_videoio.3.4.3.dylib; sourceTree = "<group>"; };
		683B18A521996CBA00E22849 /* libopencv_dnn_objdetect.3.4.3.dylib */ = {isa = PBXFileReference; lastKnownFileType = "compiled.mach-o.dylib"; name = libopencv_dnn_objdetect.3.4.3.dylib; path = ../../../../../../usr/local/lib/libopencv_dnn_objdetect.3.4.3.dylib; sourceTree = "<group>"; };
		683B18A621996CBA00E22849 /* libopencv_hfs.3.4.3.dylib */ = {isa = PBXFileReference; lastKnownFileType = "compiled.mach-o.dylib"; name = libopencv_hfs.3.4.3.dylib; path = ../../../../../../usr/local/Cellar/opencv/3.4.3/lib/libopencv_hfs.3.4.3.dylib; sourceTree = "<group>"; };
		683B18A721996CBB00E22849 /* libopencv_fuzzy.3.4.3.dylib */ = {isa = PBXFileReference; lastKnownFileType = "compiled.mach-o.dylib"; name = libopencv_fuzzy.3.4.3.dylib; path = ../../../../../../usr/local/Cellar/opencv/3.4.3/lib/libopencv_fuzzy.3.4.3.dylib; sourceTree = "<group>"; };
		683B18A821996CBB00E22849 /* libopencv_highgui.3.4.3.dylib */ = {isa = PBXFileReference; lastKnownFileType = "compiled.mach-o.dylib"; name = libopencv_highgui.3.4.3.dylib; path = ../../../../../../usr/local/Cellar/opencv/3.4.3/lib/libopencv_highgui.3.4.3.dylib; sourceTree = "<group>"; };
		683B18A921996CBB00E22849 /* libopencv_core.3.4.3.dylib */ = {isa = PBXFileReference; lastKnownFileType = "compiled.mach-o.dylib"; name = libopencv_core.3.4.3.dylib; path = ../../../../../../usr/local/lib/libopencv_core.3.4.3.dylib; sourceTree = "<group>"; };
		683B18AA21996CBB00E22849 /* libopencv_optflow.3.4.3.dylib */ = {isa = PBXFileReference; lastKnownFileType = "compiled.mach-o.dylib"; name = libopencv_optflow.3.4.3.dylib; path = ../../../../../../usr/local/Cellar/opencv/3.4.3/lib/libopencv_optflow.3.4.3.dylib; sourceTree = "<group>"; };
		683B18AB21996CBB00E22849 /* libopencv_ccalib.3.4.3.dylib */ = {isa = PBXFileReference; lastKnownFileType = "compiled.mach-o.dylib"; name = libopencv_ccalib.3.4.3.dylib; path = ../../../../../../usr/local/lib/libopencv_ccalib.3.4.3.dylib; sourceTree = "<group>"; };
		683B18AC21996CBB00E22849 /* libopencv_ml.3.4.3.dylib */ = {isa = PBXFileReference; lastKnownFileType = "compiled.mach-o.dylib"; name = libopencv_ml.3.4.3.dylib; path = ../../../../../../usr/local/Cellar/opencv/3.4.3/lib/libopencv_ml.3.4.3.dylib; sourceTree = "<group>"; };
		683B18AD21996CBB00E22849 /* libopencv_calib3d.3.4.3.dylib */ = {isa = PBXFileReference; lastKnownFileType = "compiled.mach-o.dylib"; name = libopencv_calib3d.3.4.3.dylib; path = ../../../../../../usr/local/lib/libopencv_calib3d.3.4.3.dylib; sourceTree = "<group>"; };
		683B18AE21996CBB00E22849 /* libopencv_face.3.4.3.dylib */ = {isa = PBXFileReference; lastKnownFileType = "compiled.mach-o.dylib"; name = libopencv_face.3.4.3.dylib; path = ../../../../../../usr/local/lib/libopencv_face.3.4.3.dylib; sourceTree = "<group>"; };
		683B18AF21996CBB00E22849 /* libopencv_shape.3.4.3.dylib */ = {isa = PBXFileReference; lastKnownFileType = "compiled.mach-o.dylib"; name = libopencv_shape.3.4.3.dylib; path = ../../../../../../usr/local/Cellar/opencv/3.4.3/lib/libopencv_shape.3.4.3.dylib; sourceTree = "<group>"; };
		683B18B021996CBB00E22849 /* libopencv_dnn.3.4.3.dylib */ = {isa = PBXFileReference; lastKnownFileType = "compiled.mach-o.dylib"; name = libopencv_dnn.3.4.3.dylib; path = ../../../../../../usr/local/lib/libopencv_dnn.3.4.3.dylib; sourceTree = "<group>"; };
		683B18B121996CBB00E22849 /* libopencv_bioinspired.3.4.3.dylib */ = {isa = PBXFileReference; lastKnownFileType = "compiled.mach-o.dylib"; name = libopencv_bioinspired.3.4.3.dylib; path = ../../../../../../usr/local/lib/libopencv_bioinspired.3.4.3.dylib; sourceTree = "<group>"; };
		683B18B221996CBB00E22849 /* libopencv_flann.3.4.3.dylib */ = {isa = PBXFileReference; lastKnownFileType = "compiled.mach-o.dylib"; name = libopencv_flann.3.4.3.dylib; path = ../../../../../../usr/local/lib/libopencv_flann.3.4.3.dylib; sourceTree = "<group>"; };
		683B18B321996CBB00E22849 /* libopencv_structured_light.3.4.3.dylib */ = {isa = PBXFileReference; lastKnownFileType = "compiled.mach-o.dylib"; name = libopencv_structured_light.3.4.3.dylib; path = ../../../../../../usr/local/Cellar/opencv/3.4.3/lib/libopencv_structured_light.3.4.3.dylib; sourceTree = "<group>"; };
		683B18B421996CBB00E22849 /* libopencv_photo.3.4.3.dylib */ = {isa = PBXFileReference; lastKnownFileType = "compiled.mach-o.dylib"; name = libopencv_photo.3.4.3.dylib; path = ../../../../../../usr/local/Cellar/opencv/3.4.3/lib/libopencv_photo.3.4.3.dylib; sourceTree = "<group>"; };
		683B18B521996CBB00E22849 /* libopencv_objdetect.3.4.3.dylib */ = {isa = PBXFileReference; lastKnownFileType = "compiled.mach-o.dylib"; name = libopencv_objdetect.3.4.3.dylib; path = ../../../../../../usr/local/Cellar/opencv/3.4.3/lib/libopencv_objdetect.3.4.3.dylib; sourceTree = "<group>"; };
		683B18B621996CBB00E22849 /* libopencv_aruco.3.4.3.dylib */ = {isa = PBXFileReference; lastKnownFileType = "compiled.mach-o.dylib"; name = libopencv_aruco.3.4.3.dylib; path = ../../../../../../usr/local/lib/libopencv_aruco.3.4.3.dylib; sourceTree = "<group>"; };
		683B18B721996CBB00E22849 /* libopencv_stitching.3.4.3.dylib */ = {isa = PBXFileReference; lastKnownFileType = "compiled.mach-o.dylib"; name = libopencv_stitching.3.4.3.dylib; path = ../../../../../../usr/local/Cellar/opencv/3.4.3/lib/libopencv_stitching.3.4.3.dylib; sourceTree = "<group>"; };
		683B18B821996CBB00E22849 /* libopencv_plot.3.4.3.dylib */ = {isa = PBXFileReference; lastKnownFileType = "compiled.mach-o.dylib"; name = libopencv_plot.3.4.3.dylib; path = ../../../../../../usr/local/Cellar/opencv/3.4.3/lib/libopencv_plot.3.4.3.dylib; sourceTree = "<group>"; };
		683B18B921996CBC00E22849 /* libopencv_videostab.3.4.3.dylib */ = {isa = PBXFileReference; lastKnownFileType = "compiled.mach-o.dylib"; name = libopencv_videostab.3.4.3.dylib; path = ../../../../../../usr/local/Cellar/opencv/3.4.3/lib/libopencv_videostab.3.4.3.dylib; sourceTree = "<group>"; };
		683B18BA21996CBC00E22849 /* libopencv_rgbd.3.4.3.dylib */ = {isa = PBXFileReference; lastKnownFileType = "compiled.mach-o.dylib"; name = libopencv_rgbd.3.4.3.dylib; path = ../../../../../../usr/local/Cellar/opencv/3.4.3/lib/libopencv_rgbd.3.4.3.dylib; sourceTree = "<group>"; };
		683B18BB21996CBC00E22849 /* libopencv_bgsegm.3.4.3.dylib */ = {isa = PBXFileReference; lastKnownFileType = "compiled.mach-o.dylib"; name = libopencv_bgsegm.3.4.3.dylib; path = ../../../../../../usr/local/lib/libopencv_bgsegm.3.4.3.dylib; sourceTree = "<group>"; };
		683B18BC21996CBC00E22849 /* libopencv_reg.3.4.3.dylib */ = {isa = PBXFileReference; lastKnownFileType = "compiled.mach-o.dylib"; name = libopencv_reg.3.4.3.dylib; path = ../../../../../../usr/local/Cellar/opencv/3.4.3/lib/libopencv_reg.3.4.3.dylib; sourceTree = "<group>"; };
		683B18BD21996CBC00E22849 /* libopencv_features2d.3.4.3.dylib */ = {isa = PBXFileReference; lastKnownFileType = "compiled.mach-o.dylib"; name = libopencv_features2d.3.4.3.dylib; path = ../../../../../../usr/local/lib/libopencv_features2d.3.4.3.dylib; sourceTree = "<group>"; };
		683B18BE21996CBC00E22849 /* libopencv_dpm.3.4.3.dylib */ = {isa = PBXFileReference; lastKnownFileType = "compiled.mach-o.dylib"; name = libopencv_dpm.3.4.3.dylib; path = ../../../../../../usr/local/lib/libopencv_dpm.3.4.3.dylib; sourceTree = "<group>"; };
		683B18BF21996CBC00E22849 /* libopencv_tracking.3.4.3.dylib */ = {isa = PBXFileReference; lastKnownFileType = "compiled.mach-o.dylib"; name = libopencv_tracking.3.4.3.dylib; path = ../../../../../../usr/local/Cellar/opencv/3.4.3/lib/libopencv_tracking.3.4.3.dylib; sourceTree = "<group>"; };
		683B18C021996CBC00E22849 /* libopencv_superres.3.4.3.dylib */ = {isa = PBXFileReference; lastKnownFileType = "compiled.mach-o.dylib"; name = libopencv_superres.3.4.3.dylib; path = ../../../../../../usr/local/Cellar/opencv/3.4.3/lib/libopencv_superres.3.4.3.dylib; sourceTree = "<group>"; };
		683B18C121996CBC00E22849 /* libopencv_xfeatures2d.3.4.3.dylib */ = {isa = PBXFileReference; lastKnownFileType = "compiled.mach-o.dylib"; name = libopencv_xfeatures2d.3.4.3.dylib; path = ../../../../../../usr/local/Cellar/opencv/3.4.3/lib/libopencv_xfeatures2d.3.4.3.dylib; sourceTree = "<group>"; };
		683B18C221996CBC00E22849 /* libopencv_xobjdetect.3.4.3.dylib */ = {isa = PBXFileReference; lastKnownFileType = "compiled.mach-o.dylib"; name = libopencv_xobjdetect.3.4.3.dylib; path = ../../../../../../usr/local/Cellar/opencv/3.4.3/lib/libopencv_xobjdetect.3.4.3.dylib; sourceTree = "<group>"; };
		683B18C321996CBC00E22849 /* libopencv_xphoto.3.4.3.dylib */ = {isa = PBXFileReference; lastKnownFileType = "compiled.mach-o.dylib"; name = libopencv_xphoto.3.4.3.dylib; path = ../../../../../../usr/local/Cellar/opencv/3.4.3/lib/libopencv_xphoto.3.4.3.dylib; sourceTree = "<group>"; };
		683B18C421996CBC00E22849 /* libopencv_line_descriptor.3.4.3.dylib */ = {isa = PBXFileReference; lastKnownFileType = "compiled.mach-o.dylib"; name = libopencv_line_descriptor.3.4.3.dylib; path = ../../../../../../usr/local/Cellar/opencv/3.4.3/lib/libopencv_line_descriptor.3.4.3.dylib; sourceTree = "<group>"; };
		683B18C521996CBC00E22849 /* libopencv_saliency.3.4.3.dylib */ = {isa = PBXFileReference; lastKnownFileType = "compiled.mach-o.dylib"; name = libopencv_saliency.3.4.3.dylib; path = ../../../../../../usr/local/Cellar/opencv/3.4.3/lib/libopencv_saliency.3.4.3.dylib; sourceTree = "<group>"; };
		683B18C621996CBC00E22849 /* libopencv_ximgproc.3.4.3.dylib */ = {isa = PBXFileReference; lastKnownFileType = "compiled.mach-o.dylib"; name = libopencv_ximgproc.3.4.3.dylib; path = ../../../../../../usr/local/Cellar/opencv/3.4.3/lib/libopencv_ximgproc.3.4.3.dylib; sourceTree = "<group>"; };
/* End PBXFileReference section */

/* Begin PBXFrameworksBuildPhase section */
		683B185A219945E000E22849 /* Frameworks */ = {
			isa = PBXFrameworksBuildPhase;
			buildActionMask = 2147483647;
			files = (
				683B18E521996CBC00E22849 /* libopencv_rgbd.3.4.3.dylib in Frameworks */,
				683B18DE21996CBC00E22849 /* libopencv_structured_light.3.4.3.dylib in Frameworks */,
				683B18C821996CBC00E22849 /* libopencv_imgcodecs.3.4.3.dylib in Frameworks */,
				683B18CC21996CBC00E22849 /* libopencv_phase_unwrapping.3.4.3.dylib in Frameworks */,
				683B18D021996CBC00E22849 /* libopencv_dnn_objdetect.3.4.3.dylib in Frameworks */,
				683B18E421996CBC00E22849 /* libopencv_videostab.3.4.3.dylib in Frameworks */,
				683B18CA21996CBC00E22849 /* libopencv_surface_matching.3.4.3.dylib in Frameworks */,
				683B18D721996CBC00E22849 /* libopencv_ml.3.4.3.dylib in Frameworks */,
				683B18CF21996CBC00E22849 /* libopencv_videoio.3.4.3.dylib in Frameworks */,
				683B189A2199693300E22849 /* libopencv_bioinspired.3.4.3.dylib in Frameworks */,
				683B18922199693300E22849 /* libopencv_features2d.3.4.3.dylib in Frameworks */,
				683B18CE21996CBC00E22849 /* libopencv_video.3.4.3.dylib in Frameworks */,
				683B188F2199693300E22849 /* libopencv_dpm.3.4.3.dylib in Frameworks */,
				683B18D121996CBC00E22849 /* libopencv_hfs.3.4.3.dylib in Frameworks */,
				683B18CD21996CBC00E22849 /* libopencv_datasets.3.4.3.dylib in Frameworks */,
				683B18942199693300E22849 /* libopencv_dnn.3.4.3.dylib in Frameworks */,
				683B18C921996CBC00E22849 /* libopencv_imgproc.3.4.3.dylib in Frameworks */,
				683B18E921996CBD00E22849 /* libopencv_dpm.3.4.3.dylib in Frameworks */,
				683B18EE21996CBD00E22849 /* libopencv_xphoto.3.4.3.dylib in Frameworks */,
				683B18972199693300E22849 /* libopencv_ccalib.3.4.3.dylib in Frameworks */,
				683B18D821996CBC00E22849 /* libopencv_calib3d.3.4.3.dylib in Frameworks */,
				683B18E021996CBC00E22849 /* libopencv_objdetect.3.4.3.dylib in Frameworks */,
				683B18EA21996CBD00E22849 /* libopencv_tracking.3.4.3.dylib in Frameworks */,
				683B18D921996CBC00E22849 /* libopencv_face.3.4.3.dylib in Frameworks */,
				683B18902199693300E22849 /* libopencv_flann.3.4.3.dylib in Frameworks */,
				683B18952199693300E22849 /* libopencv_aruco.3.4.3.dylib in Frameworks */,
				683B18F021996CBD00E22849 /* libopencv_saliency.3.4.3.dylib in Frameworks */,
				683B18C721996CBC00E22849 /* libopencv_img_hash.3.4.3.dylib in Frameworks */,
				683B18962199693300E22849 /* libopencv_dnn_objdetect.3.4.3.dylib in Frameworks */,
				683B18DF21996CBC00E22849 /* libopencv_photo.3.4.3.dylib in Frameworks */,
				683B18D621996CBC00E22849 /* libopencv_ccalib.3.4.3.dylib in Frameworks */,
				683B18932199693300E22849 /* libopencv_bgsegm.3.4.3.dylib in Frameworks */,
				683B18E621996CBC00E22849 /* libopencv_bgsegm.3.4.3.dylib in Frameworks */,
				683B189B2199693300E22849 /* libopencv_core.3.4.3.dylib in Frameworks */,
				683B18EB21996CBD00E22849 /* libopencv_superres.3.4.3.dylib in Frameworks */,
				683B18E721996CBC00E22849 /* libopencv_reg.3.4.3.dylib in Frameworks */,
				683B18992199693300E22849 /* libopencv_datasets.3.4.3.dylib in Frameworks */,
				683B18EF21996CBD00E22849 /* libopencv_line_descriptor.3.4.3.dylib in Frameworks */,
				683B18E121996CBC00E22849 /* libopencv_aruco.3.4.3.dylib in Frameworks */,
				683B18D421996CBC00E22849 /* libopencv_core.3.4.3.dylib in Frameworks */,
				683B18EC21996CBD00E22849 /* libopencv_xfeatures2d.3.4.3.dylib in Frameworks */,
				683B18D321996CBC00E22849 /* libopencv_highgui.3.4.3.dylib in Frameworks */,
				683B18D521996CBC00E22849 /* libopencv_optflow.3.4.3.dylib in Frameworks */,
				683B18DB21996CBC00E22849 /* libopencv_dnn.3.4.3.dylib in Frameworks */,
				683B18DD21996CBC00E22849 /* libopencv_flann.3.4.3.dylib in Frameworks */,
				683B18E221996CBC00E22849 /* libopencv_stitching.3.4.3.dylib in Frameworks */,
				683B18F121996CBD00E22849 /* libopencv_ximgproc.3.4.3.dylib in Frameworks */,
				683B18CB21996CBC00E22849 /* libopencv_stereo.3.4.3.dylib in Frameworks */,
				683B18E821996CBD00E22849 /* libopencv_features2d.3.4.3.dylib in Frameworks */,
				683B18E321996CBC00E22849 /* libopencv_plot.3.4.3.dylib in Frameworks */,
				683B18982199693300E22849 /* libopencv_face.3.4.3.dylib in Frameworks */,
				683B18DC21996CBC00E22849 /* libopencv_bioinspired.3.4.3.dylib in Frameworks */,
				683B18D221996CBC00E22849 /* libopencv_fuzzy.3.4.3.dylib in Frameworks */,
				683B18912199693300E22849 /* libopencv_calib3d.3.4.3.dylib in Frameworks */,
				683B18ED21996CBD00E22849 /* libopencv_xobjdetect.3.4.3.dylib in Frameworks */,
				683B18DA21996CBC00E22849 /* libopencv_shape.3.4.3.dylib in Frameworks */,
			);
			runOnlyForDeploymentPostprocessing = 0;
		};
/* End PBXFrameworksBuildPhase section */

/* Begin PBXGroup section */
		683B1854219945E000E22849 = {
			isa = PBXGroup;
			children = (
				683B18882199693300E22849 /* libopencv_aruco.3.4.3.dylib */,
				683B18862199693300E22849 /* libopencv_bgsegm.3.4.3.dylib */,
				683B18B621996CBB00E22849 /* libopencv_aruco.3.4.3.dylib */,
				683B18BB21996CBC00E22849 /* libopencv_bgsegm.3.4.3.dylib */,
				683B188D2199693300E22849 /* libopencv_bioinspired.3.4.3.dylib */,
				683B18B121996CBB00E22849 /* libopencv_bioinspired.3.4.3.dylib */,
				683B18842199693300E22849 /* libopencv_calib3d.3.4.3.dylib */,
				683B18AD21996CBB00E22849 /* libopencv_calib3d.3.4.3.dylib */,
				683B188A2199693300E22849 /* libopencv_ccalib.3.4.3.dylib */,
				683B18AB21996CBB00E22849 /* libopencv_ccalib.3.4.3.dylib */,
				683B188E2199693300E22849 /* libopencv_core.3.4.3.dylib */,
				683B18A921996CBB00E22849 /* libopencv_core.3.4.3.dylib */,
				683B188C2199693300E22849 /* libopencv_datasets.3.4.3.dylib */,
				683B18892199693300E22849 /* libopencv_dnn_objdetect.3.4.3.dylib */,
				683B18872199693300E22849 /* libopencv_dnn.3.4.3.dylib */,
				683B18822199693300E22849 /* libopencv_dpm.3.4.3.dylib */,
				683B18B021996CBB00E22849 /* libopencv_dnn.3.4.3.dylib */,
				683B18BE21996CBC00E22849 /* libopencv_dpm.3.4.3.dylib */,
				683B188B2199693300E22849 /* libopencv_face.3.4.3.dylib */,
				683B18852199693300E22849 /* libopencv_features2d.3.4.3.dylib */,
				683B18BD21996CBC00E22849 /* libopencv_features2d.3.4.3.dylib */,
				683B18832199693300E22849 /* libopencv_flann.3.4.3.dylib */,
				683B18A221996CBA00E22849 /* libopencv_datasets.3.4.3.dylib */,
				683B18A521996CBA00E22849 /* libopencv_dnn_objdetect.3.4.3.dylib */,
				683B18AE21996CBB00E22849 /* libopencv_face.3.4.3.dylib */,
				683B18B221996CBB00E22849 /* libopencv_flann.3.4.3.dylib */,
				683B18A721996CBB00E22849 /* libopencv_fuzzy.3.4.3.dylib */,
				683B18A621996CBA00E22849 /* libopencv_hfs.3.4.3.dylib */,
				683B18A821996CBB00E22849 /* libopencv_highgui.3.4.3.dylib */,
				683B189C21996CBA00E22849 /* libopencv_img_hash.3.4.3.dylib */,
				683B189D21996CBA00E22849 /* libopencv_imgcodecs.3.4.3.dylib */,
				683B189E21996CBA00E22849 /* libopencv_imgproc.3.4.3.dylib */,
				683B18C421996CBC00E22849 /* libopencv_line_descriptor.3.4.3.dylib */,
				683B18AC21996CBB00E22849 /* libopencv_ml.3.4.3.dylib */,
				683B18B521996CBB00E22849 /* libopencv_objdetect.3.4.3.dylib */,
				683B18AA21996CBB00E22849 /* libopencv_optflow.3.4.3.dylib */,
				683B18A121996CBA00E22849 /* libopencv_phase_unwrapping.3.4.3.dylib */,
				683B18B421996CBB00E22849 /* libopencv_photo.3.4.3.dylib */,
				683B18B821996CBB00E22849 /* libopencv_plot.3.4.3.dylib */,
				683B18BC21996CBC00E22849 /* libopencv_reg.3.4.3.dylib */,
				683B18BA21996CBC00E22849 /* libopencv_rgbd.3.4.3.dylib */,
				683B18C521996CBC00E22849 /* libopencv_saliency.3.4.3.dylib */,
				683B18AF21996CBB00E22849 /* libopencv_shape.3.4.3.dylib */,
				683B18A021996CBA00E22849 /* libopencv_stereo.3.4.3.dylib */,
				683B18B721996CBB00E22849 /* libopencv_stitching.3.4.3.dylib */,
				683B18B321996CBB00E22849 /* libopencv_structured_light.3.4.3.dylib */,
				683B18C021996CBC00E22849 /* libopencv_superres.3.4.3.dylib */,
				683B189F21996CBA00E22849 /* libopencv_surface_matching.3.4.3.dylib */,
				683B18BF21996CBC00E22849 /* libopencv_tracking.3.4.3.dylib */,
				683B18A321996CBA00E22849 /* libopencv_video.3.4.3.dylib */,
				683B18A421996CBA00E22849 /* libopencv_videoio.3.4.3.dylib */,
				683B18B921996CBC00E22849 /* libopencv_videostab.3.4.3.dylib */,
				683B18C121996CBC00E22849 /* libopencv_xfeatures2d.3.4.3.dylib */,
				683B18C621996CBC00E22849 /* libopencv_ximgproc.3.4.3.dylib */,
				683B18C221996CBC00E22849 /* libopencv_xobjdetect.3.4.3.dylib */,
				683B18C321996CBC00E22849 /* libopencv_xphoto.3.4.3.dylib */,
				683B185F219945E000E22849 /* FaceToEmoji */,
				683B185E219945E000E22849 /* Products */,
			);
			sourceTree = "<group>";
		};
		683B185E219945E000E22849 /* Products */ = {
			isa = PBXGroup;
			children = (
				683B185D219945E000E22849 /* FaceToEmoji */,
			);
			name = Products;
			sourceTree = "<group>";
		};
		683B185F219945E000E22849 /* FaceToEmoji */ = {
			isa = PBXGroup;
			children = (
				683B1860219945E000E22849 /* FaceToEmoji.cpp */,
			);
			path = FaceToEmoji;
			sourceTree = "<group>";
		};
/* End PBXGroup section */

/* Begin PBXNativeTarget section */
		683B185C219945E000E22849 /* FaceToEmoji */ = {
			isa = PBXNativeTarget;
			buildConfigurationList = 683B1864219945E000E22849 /* Build configuration list for PBXNativeTarget "FaceToEmoji" */;
			buildPhases = (
				683B1859219945E000E22849 /* Sources */,
				683B185A219945E000E22849 /* Frameworks */,
				683B185B219945E000E22849 /* CopyFiles */,
			);
			buildRules = (
			);
			dependencies = (
			);
			name = FaceToEmoji;
			productName = FaceToEmoji;
			productReference = 683B185D219945E000E22849 /* FaceToEmoji */;
			productType = "com.apple.product-type.tool";
		};
/* End PBXNativeTarget section */

/* Begin PBXProject section */
		683B1855219945E000E22849 /* Project object */ = {
			isa = PBXProject;
			attributes = {
				LastUpgradeCheck = 1000;
				ORGANIZATIONNAME = "Anmol Agrawal";
				TargetAttributes = {
					683B185C219945E000E22849 = {
						CreatedOnToolsVersion = 10.0;
					};
				};
			};
			buildConfigurationList = 683B1858219945E000E22849 /* Build configuration list for PBXProject "FaceToEmoji" */;
			compatibilityVersion = "Xcode 9.3";
			developmentRegion = en;
			hasScannedForEncodings = 0;
			knownRegions = (
				en,
			);
			mainGroup = 683B1854219945E000E22849;
			productRefGroup = 683B185E219945E000E22849 /* Products */;
			projectDirPath = "";
			projectRoot = "";
			targets = (
				683B185C219945E000E22849 /* FaceToEmoji */,
			);
		};
/* End PBXProject section */

/* Begin PBXSourcesBuildPhase section */
		683B1859219945E000E22849 /* Sources */ = {
			isa = PBXSourcesBuildPhase;
			buildActionMask = 2147483647;
			files = (
				683B1861219945E000E22849 /* FaceToEmoji.cpp in Sources */,
			);
			runOnlyForDeploymentPostprocessing = 0;
		};
/* End PBXSourcesBuildPhase section */

/* Begin XCBuildConfiguration section */
		683B1862219945E000E22849 /* Debug */ = {
			isa = XCBuildConfiguration;
			buildSettings = {
				ALWAYS_SEARCH_USER_PATHS = NO;
				CLANG_ANALYZER_NONNULL = YES;
				CLANG_ANALYZER_NUMBER_OBJECT_CONVERSION = YES_AGGRESSIVE;
				CLANG_CXX_LANGUAGE_STANDARD = "gnu++14";
				CLANG_CXX_LIBRARY = "libc++";
				CLANG_ENABLE_MODULES = YES;
				CLANG_ENABLE_OBJC_ARC = YES;
				CLANG_ENABLE_OBJC_WEAK = YES;
				CLANG_WARN_BLOCK_CAPTURE_AUTORELEASING = YES;
				CLANG_WARN_BOOL_CONVERSION = YES;
				CLANG_WARN_COMMA = YES;
				CLANG_WARN_CONSTANT_CONVERSION = YES;
				CLANG_WARN_DEPRECATED_OBJC_IMPLEMENTATIONS = YES;
				CLANG_WARN_DIRECT_OBJC_ISA_USAGE = YES_ERROR;
				CLANG_WARN_DOCUMENTATION_COMMENTS = YES;
				CLANG_WARN_EMPTY_BODY = YES;
				CLANG_WARN_ENUM_CONVERSION = YES;
				CLANG_WARN_INFINITE_RECURSION = YES;
				CLANG_WARN_INT_CONVERSION = YES;
				CLANG_WARN_NON_LITERAL_NULL_CONVERSION = YES;
				CLANG_WARN_OBJC_IMPLICIT_RETAIN_SELF = YES;
				CLANG_WARN_OBJC_LITERAL_CONVERSION = YES;
				CLANG_WARN_OBJC_ROOT_CLASS = YES_ERROR;
				CLANG_WARN_RANGE_LOOP_ANALYSIS = YES;
				CLANG_WARN_STRICT_PROTOTYPES = YES;
				CLANG_WARN_SUSPICIOUS_MOVE = YES;
				CLANG_WARN_UNGUARDED_AVAILABILITY = YES_AGGRESSIVE;
				CLANG_WARN_UNREACHABLE_CODE = YES;
				CLANG_WARN__DUPLICATE_METHOD_MATCH = YES;
				CODE_SIGN_IDENTITY = "-";
				COPY_PHASE_STRIP = NO;
				DEBUG_INFORMATION_FORMAT = dwarf;
				ENABLE_STRICT_OBJC_MSGSEND = YES;
				ENABLE_TESTABILITY = YES;
				GCC_C_LANGUAGE_STANDARD = gnu11;
				GCC_DYNAMIC_NO_PIC = NO;
				GCC_NO_COMMON_BLOCKS = YES;
				GCC_OPTIMIZATION_LEVEL = 0;
				GCC_PREPROCESSOR_DEFINITIONS = (
					"DEBUG=1",
					"$(inherited)",
				);
				GCC_WARN_64_TO_32_BIT_CONVERSION = YES;
				GCC_WARN_ABOUT_RETURN_TYPE = YES_ERROR;
				GCC_WARN_UNDECLARED_SELECTOR = YES;
				GCC_WARN_UNINITIALIZED_AUTOS = YES_AGGRESSIVE;
				GCC_WARN_UNUSED_FUNCTION = YES;
				GCC_WARN_UNUSED_VARIABLE = YES;
				MACOSX_DEPLOYMENT_TARGET = 10.14;
				MTL_ENABLE_DEBUG_INFO = INCLUDE_SOURCE;
				MTL_FAST_MATH = YES;
				ONLY_ACTIVE_ARCH = YES;
				SDKROOT = macosx;
			};
			name = Debug;
		};
		683B1863219945E000E22849 /* Release */ = {
			isa = XCBuildConfiguration;
			buildSettings = {
				ALWAYS_SEARCH_USER_PATHS = NO;
				CLANG_ANALYZER_NONNULL = YES;
				CLANG_ANALYZER_NUMBER_OBJECT_CONVERSION = YES_AGGRESSIVE;
				CLANG_CXX_LANGUAGE_STANDARD = "gnu++14";
				CLANG_CXX_LIBRARY = "libc++";
				CLANG_ENABLE_MODULES = YES;
				CLANG_ENABLE_OBJC_ARC = YES;
				CLANG_ENABLE_OBJC_WEAK = YES;
				CLANG_WARN_BLOCK_CAPTURE_AUTORELEASING = YES;
				CLANG_WARN_BOOL_CONVERSION = YES;
				CLANG_WARN_COMMA = YES;
				CLANG_WARN_CONSTANT_CONVERSION = YES;
				CLANG_WARN_DEPRECATED_OBJC_IMPLEMENTATIONS = YES;
				CLANG_WARN_DIRECT_OBJC_ISA_USAGE = YES_ERROR;
				CLANG_WARN_DOCUMENTATION_COMMENTS = YES;
				CLANG_WARN_EMPTY_BODY = YES;
				CLANG_WARN_ENUM_CONVERSION = YES;
				CLANG_WARN_INFINITE_RECURSION = YES;
				CLANG_WARN_INT_CONVERSION = YES;
				CLANG_WARN_NON_LITERAL_NULL_CONVERSION = YES;
				CLANG_WARN_OBJC_IMPLICIT_RETAIN_SELF = YES;
				CLANG_WARN_OBJC_LITERAL_CONVERSION = YES;
				CLANG_WARN_OBJC_ROOT_CLASS = YES_ERROR;
				CLANG_WARN_RANGE_LOOP_ANALYSIS = YES;
				CLANG_WARN_STRICT_PROTOTYPES = YES;
				CLANG_WARN_SUSPICIOUS_MOVE = YES;
				CLANG_WARN_UNGUARDED_AVAILABILITY = YES_AGGRESSIVE;
				CLANG_WARN_UNREACHABLE_CODE = YES;
				CLANG_WARN__DUPLICATE_METHOD_MATCH = YES;
				CODE_SIGN_IDENTITY = "-";
				COPY_PHASE_STRIP = NO;
				DEBUG_INFORMATION_FORMAT = "dwarf-with-dsym";
				ENABLE_NS_ASSERTIONS = NO;
				ENABLE_STRICT_OBJC_MSGSEND = YES;
				GCC_C_LANGUAGE_STANDARD = gnu11;
				GCC_NO_COMMON_BLOCKS = YES;
				GCC_WARN_64_TO_32_BIT_CONVERSION = YES;
				GCC_WARN_ABOUT_RETURN_TYPE = YES_ERROR;
				GCC_WARN_UNDECLARED_SELECTOR = YES;
				GCC_WARN_UNINITIALIZED_AUTOS = YES_AGGRESSIVE;
				GCC_WARN_UNUSED_FUNCTION = YES;
				GCC_WARN_UNUSED_VARIABLE = YES;
				MACOSX_DEPLOYMENT_TARGET = 10.14;
				MTL_ENABLE_DEBUG_INFO = NO;
				MTL_FAST_MATH = YES;
				SDKROOT = macosx;
			};
			name = Release;
		};
		683B1865219945E000E22849 /* Debug */ = {
			isa = XCBuildConfiguration;
			buildSettings = {
				CODE_SIGN_STYLE = Automatic;
				HEADER_SEARCH_PATHS = /usr/local/include;
				LIBRARY_SEARCH_PATHS = /usr/local/lib;
				PRODUCT_NAME = "$(TARGET_NAME)";
			};
			name = Debug;
		};
		683B1866219945E000E22849 /* Release */ = {
			isa = XCBuildConfiguration;
			buildSettings = {
				CODE_SIGN_STYLE = Automatic;
				HEADER_SEARCH_PATHS = /usr/local/include;
				LIBRARY_SEARCH_PATHS = /usr/local/lib;
				PRODUCT_NAME = "$(TARGET_NAME)";
			};
			name = Release;
		};
/* End XCBuildConfiguration section */

/* Begin XCConfigurationList section */
		683B1858219945E000E22849 /* Build configuration list for PBXProject "FaceToEmoji" */ = {
			isa = XCConfigurationList;
			buildConfigurations = (
				683B1862219945E000E22849 /* Debug */,
				683B1863219945E000E22849 /* Release */,
			);
			defaultConfigurationIsVisible = 0;
			defaultConfigurationName = Release;
		};
		683B1864219945E000E22849 /* Build configuration list for PBXNativeTarget "FaceToEmoji" */ = {
			isa = XCConfigurationList;
			buildConfigurations = (
				683B1865219945E000E22849 /* Debug */,
				683B1866219945E000E22849 /* Release */,
			);
			defaultConfigurationIsVisible = 0;
			defaultConfigurationName = Release;
		};
/* End XCConfigurationList section */
	};
	rootObject = 683B1855219945E000E22849 /* Project object */;
}
